// !$*UTF8*$!
{
	archiveVersion = 1;
	classes = {
	};
	objectVersion = 46;
	objects = {

/* Begin PBXBuildFile section */
		84A3A29D18E74AF500409E73 /* Foundation.framework in Frameworks */ = {isa = PBXBuildFile; fileRef = 84A3A29C18E74AF500409E73 /* Foundation.framework */; };
		84A3A29F18E74AF500409E73 /* CoreGraphics.framework in Frameworks */ = {isa = PBXBuildFile; fileRef = 84A3A29E18E74AF500409E73 /* CoreGraphics.framework */; };
		84A3A2A118E74AF500409E73 /* UIKit.framework in Frameworks */ = {isa = PBXBuildFile; fileRef = 84A3A2A018E74AF500409E73 /* UIKit.framework */; };
		84A3A2A718E74AF500409E73 /* InfoPlist.strings in Resources */ = {isa = PBXBuildFile; fileRef = 84A3A2A518E74AF500409E73 /* InfoPlist.strings */; };
		84A3A2A918E74AF500409E73 /* main.m in Sources */ = {isa = PBXBuildFile; fileRef = 84A3A2A818E74AF500409E73 /* main.m */; };
		84A3A2AD18E74AF500409E73 /* XYZAppDelegate.m in Sources */ = {isa = PBXBuildFile; fileRef = 84A3A2AC18E74AF500409E73 /* XYZAppDelegate.m */; };
		84A3A2B018E74AF500409E73 /* Main.storyboard in Resources */ = {isa = PBXBuildFile; fileRef = 84A3A2AE18E74AF500409E73 /* Main.storyboard */; };
		84A3A2B318E74AF500409E73 /* XYZViewController.m in Sources */ = {isa = PBXBuildFile; fileRef = 84A3A2B218E74AF500409E73 /* XYZViewController.m */; };
		84A3A2B518E74AF500409E73 /* Images.xcassets in Resources */ = {isa = PBXBuildFile; fileRef = 84A3A2B418E74AF500409E73 /* Images.xcassets */; };
		84A3A2BC18E74AF500409E73 /* XCTest.framework in Frameworks */ = {isa = PBXBuildFile; fileRef = 84A3A2BB18E74AF500409E73 /* XCTest.framework */; };
		84A3A2BD18E74AF500409E73 /* Foundation.framework in Frameworks */ = {isa = PBXBuildFile; fileRef = 84A3A29C18E74AF500409E73 /* Foundation.framework */; };
		84A3A2BE18E74AF500409E73 /* UIKit.framework in Frameworks */ = {isa = PBXBuildFile; fileRef = 84A3A2A018E74AF500409E73 /* UIKit.framework */; };
		84A3A2C618E74AF500409E73 /* InfoPlist.strings in Resources */ = {isa = PBXBuildFile; fileRef = 84A3A2C418E74AF500409E73 /* InfoPlist.strings */; };
		84A3A2C818E74AF500409E73 /* PictorTests.m in Sources */ = {isa = PBXBuildFile; fileRef = 84A3A2C718E74AF500409E73 /* PictorTests.m */; };
		84A3A2D518E7ACFA00409E73 /* XYZPictureViewController.m in Sources */ = {isa = PBXBuildFile; fileRef = 84A3A2D418E7ACFA00409E73 /* XYZPictureViewController.m */; };
		84A3A2D918E7D2C200409E73 /* point.fsh in Resources */ = {isa = PBXBuildFile; fileRef = 84A3A2D718E7D2C200409E73 /* point.fsh */; };
		84A3A2DA18E7D2C200409E73 /* point.vsh in Resources */ = {isa = PBXBuildFile; fileRef = 84A3A2D818E7D2C200409E73 /* point.vsh */; };
		D94F3AB918E7EBB0006C2064 /* Particle.png in Resources */ = {isa = PBXBuildFile; fileRef = D94F3AB818E7EBB0006C2064 /* Particle.png */; };
		D9F0D9BC18E7B435001BF205 /* Clear.png in Resources */ = {isa = PBXBuildFile; fileRef = D9F0D99B18E7B435001BF205 /* Clear.png */; };
		D9F0D9BD18E7B435001BF205 /* Black.png in Resources */ = {isa = PBXBuildFile; fileRef = D9F0D99D18E7B435001BF205 /* Black.png */; };
		D9F0D9BE18E7B435001BF205 /* Blue.png in Resources */ = {isa = PBXBuildFile; fileRef = D9F0D99E18E7B435001BF205 /* Blue.png */; };
		D9F0D9BF18E7B435001BF205 /* Brown.png in Resources */ = {isa = PBXBuildFile; fileRef = D9F0D99F18E7B435001BF205 /* Brown.png */; };
		D9F0D9C018E7B435001BF205 /* Green.png in Resources */ = {isa = PBXBuildFile; fileRef = D9F0D9A018E7B435001BF205 /* Green.png */; };
		D9F0D9C118E7B435001BF205 /* Grey.png in Resources */ = {isa = PBXBuildFile; fileRef = D9F0D9A118E7B435001BF205 /* Grey.png */; };
		D9F0D9C218E7B435001BF205 /* Light Blue.png in Resources */ = {isa = PBXBuildFile; fileRef = D9F0D9A218E7B435001BF205 /* Light Blue.png */; };
		D9F0D9C318E7B435001BF205 /* Orange.png in Resources */ = {isa = PBXBuildFile; fileRef = D9F0D9A318E7B435001BF205 /* Orange.png */; };
		D9F0D9C418E7B435001BF205 /* Pink.png in Resources */ = {isa = PBXBuildFile; fileRef = D9F0D9A418E7B435001BF205 /* Pink.png */; };
		D9F0D9C518E7B435001BF205 /* Purple.png in Resources */ = {isa = PBXBuildFile; fileRef = D9F0D9A518E7B435001BF205 /* Purple.png */; };
		D9F0D9C618E7B435001BF205 /* Red.png in Resources */ = {isa = PBXBuildFile; fileRef = D9F0D9A618E7B435001BF205 /* Red.png */; };
		D9F0D9C718E7B435001BF205 /* SelectGreen.png in Resources */ = {isa = PBXBuildFile; fileRef = D9F0D9A718E7B435001BF205 /* SelectGreen.png */; };
		D9F0D9C818E7B435001BF205 /* SelectLB.png in Resources */ = {isa = PBXBuildFile; fileRef = D9F0D9A818E7B435001BF205 /* SelectLB.png */; };
		D9F0D9C918E7B435001BF205 /* SelectPurple.png in Resources */ = {isa = PBXBuildFile; fileRef = D9F0D9A918E7B435001BF205 /* SelectPurple.png */; };
		D9F0D9CA18E7B435001BF205 /* SelectRed.png in Resources */ = {isa = PBXBuildFile; fileRef = D9F0D9AA18E7B435001BF205 /* SelectRed.png */; };
		D9F0D9CB18E7B435001BF205 /* SelectYellow.png in Resources */ = {isa = PBXBuildFile; fileRef = D9F0D9AB18E7B435001BF205 /* SelectYellow.png */; };
		D9F0D9CC18E7B435001BF205 /* White.png in Resources */ = {isa = PBXBuildFile; fileRef = D9F0D9AC18E7B435001BF205 /* White.png */; };
		D9F0D9CD18E7B435001BF205 /* Yellow.png in Resources */ = {isa = PBXBuildFile; fileRef = D9F0D9AD18E7B435001BF205 /* Yellow.png */; };
		D9F0D9CE18E7B435001BF205 /* Large.png in Resources */ = {isa = PBXBuildFile; fileRef = D9F0D9AE18E7B435001BF205 /* Large.png */; };
		D9F0D9CF18E7B435001BF205 /* Medium.png in Resources */ = {isa = PBXBuildFile; fileRef = D9F0D9AF18E7B435001BF205 /* Medium.png */; };
		D9F0D9D018E7B435001BF205 /* Small.png in Resources */ = {isa = PBXBuildFile; fileRef = D9F0D9B118E7B435001BF205 /* Small.png */; };
		D9F0D9D118E7B435001BF205 /* fileUtil.m in Sources */ = {isa = PBXBuildFile; fileRef = D9F0D9B418E7B435001BF205 /* fileUtil.m */; };
		D9F0D9D218E7B435001BF205 /* PaintingView.m in Sources */ = {isa = PBXBuildFile; fileRef = D9F0D9B618E7B435001BF205 /* PaintingView.m */; };
		D9F0D9D318E7B435001BF205 /* PicViewController.m in Sources */ = {isa = PBXBuildFile; fileRef = D9F0D9B818E7B435001BF205 /* PicViewController.m */; };
		D9F0D9D518E7B435001BF205 /* shaderUtil.c in Sources */ = {isa = PBXBuildFile; fileRef = D9F0D9BA18E7B435001BF205 /* shaderUtil.c */; };
		E231CC5B18E7F01400CDC31E /* Parse.framework in Frameworks */ = {isa = PBXBuildFile; fileRef = E231CC5A18E7F01400CDC31E /* Parse.framework */; };
		E231CC5D18E7F04500CDC31E /* AudioToolbox.framework in Frameworks */ = {isa = PBXBuildFile; fileRef = E231CC5C18E7F04500CDC31E /* AudioToolbox.framework */; };
		E231CC5F18E7F04A00CDC31E /* CFNetwork.framework in Frameworks */ = {isa = PBXBuildFile; fileRef = E231CC5E18E7F04A00CDC31E /* CFNetwork.framework */; };
		E231CC6118E7F05800CDC31E /* CoreLocation.framework in Frameworks */ = {isa = PBXBuildFile; fileRef = E231CC6018E7F05800CDC31E /* CoreLocation.framework */; };
		E231CC6318E7F05E00CDC31E /* libz.dylib in Frameworks */ = {isa = PBXBuildFile; fileRef = E231CC6218E7F05E00CDC31E /* libz.dylib */; };
		E231CC6518E7F06600CDC31E /* MobileCoreServices.framework in Frameworks */ = {isa = PBXBuildFile; fileRef = E231CC6418E7F06600CDC31E /* MobileCoreServices.framework */; };
		E231CC6718E7F06B00CDC31E /* QuartzCore.framework in Frameworks */ = {isa = PBXBuildFile; fileRef = E231CC6618E7F06B00CDC31E /* QuartzCore.framework */; };
		E231CC6918E7F07000CDC31E /* Security.framework in Frameworks */ = {isa = PBXBuildFile; fileRef = E231CC6818E7F07000CDC31E /* Security.framework */; };
		E231CC6B18E7F07500CDC31E /* StoreKit.framework in Frameworks */ = {isa = PBXBuildFile; fileRef = E231CC6A18E7F07500CDC31E /* StoreKit.framework */; };
		E231CC6D18E7F07E00CDC31E /* SystemConfiguration.framework in Frameworks */ = {isa = PBXBuildFile; fileRef = E231CC6C18E7F07E00CDC31E /* SystemConfiguration.framework */; };
		E231CC7018E7F4DE00CDC31E /* PicSelectViewController.m in Sources */ = {isa = PBXBuildFile; fileRef = E231CC6F18E7F4DE00CDC31E /* PicSelectViewController.m */; };
/* End PBXBuildFile section */

/* Begin PBXContainerItemProxy section */
		84A3A2BF18E74AF500409E73 /* PBXContainerItemProxy */ = {
			isa = PBXContainerItemProxy;
			containerPortal = 84A3A29118E74AF500409E73 /* Project object */;
			proxyType = 1;
			remoteGlobalIDString = 84A3A29818E74AF500409E73;
			remoteInfo = Pictor;
		};
/* End PBXContainerItemProxy section */

/* Begin PBXFileReference section */
		84A3A29918E74AF500409E73 /* Pictor.app */ = {isa = PBXFileReference; explicitFileType = wrapper.application; includeInIndex = 0; path = Pictor.app; sourceTree = BUILT_PRODUCTS_DIR; };
		84A3A29C18E74AF500409E73 /* Foundation.framework */ = {isa = PBXFileReference; lastKnownFileType = wrapper.framework; name = Foundation.framework; path = System/Library/Frameworks/Foundation.framework; sourceTree = SDKROOT; };
		84A3A29E18E74AF500409E73 /* CoreGraphics.framework */ = {isa = PBXFileReference; lastKnownFileType = wrapper.framework; name = CoreGraphics.framework; path = System/Library/Frameworks/CoreGraphics.framework; sourceTree = SDKROOT; };
		84A3A2A018E74AF500409E73 /* UIKit.framework */ = {isa = PBXFileReference; lastKnownFileType = wrapper.framework; name = UIKit.framework; path = System/Library/Frameworks/UIKit.framework; sourceTree = SDKROOT; };
		84A3A2A418E74AF500409E73 /* Pictor-Info.plist */ = {isa = PBXFileReference; lastKnownFileType = text.plist.xml; path = "Pictor-Info.plist"; sourceTree = "<group>"; };
		84A3A2A618E74AF500409E73 /* en */ = {isa = PBXFileReference; lastKnownFileType = text.plist.strings; name = en; path = en.lproj/InfoPlist.strings; sourceTree = "<group>"; };
		84A3A2A818E74AF500409E73 /* main.m */ = {isa = PBXFileReference; lastKnownFileType = sourcecode.c.objc; path = main.m; sourceTree = "<group>"; };
		84A3A2AA18E74AF500409E73 /* Pictor-Prefix.pch */ = {isa = PBXFileReference; lastKnownFileType = sourcecode.c.h; path = "Pictor-Prefix.pch"; sourceTree = "<group>"; };
		84A3A2AB18E74AF500409E73 /* XYZAppDelegate.h */ = {isa = PBXFileReference; lastKnownFileType = sourcecode.c.h; path = XYZAppDelegate.h; sourceTree = "<group>"; };
		84A3A2AC18E74AF500409E73 /* XYZAppDelegate.m */ = {isa = PBXFileReference; lastKnownFileType = sourcecode.c.objc; path = XYZAppDelegate.m; sourceTree = "<group>"; };
		84A3A2AF18E74AF500409E73 /* Base */ = {isa = PBXFileReference; lastKnownFileType = file.storyboard; name = Base; path = Base.lproj/Main.storyboard; sourceTree = "<group>"; };
		84A3A2B118E74AF500409E73 /* XYZViewController.h */ = {isa = PBXFileReference; lastKnownFileType = sourcecode.c.h; path = XYZViewController.h; sourceTree = "<group>"; };
		84A3A2B218E74AF500409E73 /* XYZViewController.m */ = {isa = PBXFileReference; lastKnownFileType = sourcecode.c.objc; path = XYZViewController.m; sourceTree = "<group>"; };
		84A3A2B418E74AF500409E73 /* Images.xcassets */ = {isa = PBXFileReference; lastKnownFileType = folder.assetcatalog; path = Images.xcassets; sourceTree = "<group>"; };
		84A3A2BA18E74AF500409E73 /* PictorTests.xctest */ = {isa = PBXFileReference; explicitFileType = wrapper.cfbundle; includeInIndex = 0; path = PictorTests.xctest; sourceTree = BUILT_PRODUCTS_DIR; };
		84A3A2BB18E74AF500409E73 /* XCTest.framework */ = {isa = PBXFileReference; lastKnownFileType = wrapper.framework; name = XCTest.framework; path = Library/Frameworks/XCTest.framework; sourceTree = DEVELOPER_DIR; };
		84A3A2C318E74AF500409E73 /* PictorTests-Info.plist */ = {isa = PBXFileReference; lastKnownFileType = text.plist.xml; path = "PictorTests-Info.plist"; sourceTree = "<group>"; };
		84A3A2C518E74AF500409E73 /* en */ = {isa = PBXFileReference; lastKnownFileType = text.plist.strings; name = en; path = en.lproj/InfoPlist.strings; sourceTree = "<group>"; };
		84A3A2C718E74AF500409E73 /* PictorTests.m */ = {isa = PBXFileReference; lastKnownFileType = sourcecode.c.objc; path = PictorTests.m; sourceTree = "<group>"; };
		84A3A2D318E7ACFA00409E73 /* XYZPictureViewController.h */ = {isa = PBXFileReference; fileEncoding = 4; lastKnownFileType = sourcecode.c.h; path = XYZPictureViewController.h; sourceTree = "<group>"; };
		84A3A2D418E7ACFA00409E73 /* XYZPictureViewController.m */ = {isa = PBXFileReference; fileEncoding = 4; lastKnownFileType = sourcecode.c.objc; path = XYZPictureViewController.m; sourceTree = "<group>"; };
		84A3A2D718E7D2C200409E73 /* point.fsh */ = {isa = PBXFileReference; fileEncoding = 4; lastKnownFileType = sourcecode.glsl; path = point.fsh; sourceTree = "<group>"; };
		84A3A2D818E7D2C200409E73 /* point.vsh */ = {isa = PBXFileReference; fileEncoding = 4; lastKnownFileType = sourcecode.glsl; path = point.vsh; sourceTree = "<group>"; };
		D94F3AB818E7EBB0006C2064 /* Particle.png */ = {isa = PBXFileReference; lastKnownFileType = image.png; path = Particle.png; sourceTree = "<group>"; };
		D9F0D99B18E7B435001BF205 /* Clear.png */ = {isa = PBXFileReference; lastKnownFileType = image.png; path = Clear.png; sourceTree = "<group>"; };
		D9F0D99D18E7B435001BF205 /* Black.png */ = {isa = PBXFileReference; lastKnownFileType = image.png; path = Black.png; sourceTree = "<group>"; };
		D9F0D99E18E7B435001BF205 /* Blue.png */ = {isa = PBXFileReference; lastKnownFileType = image.png; path = Blue.png; sourceTree = "<group>"; };
		D9F0D99F18E7B435001BF205 /* Brown.png */ = {isa = PBXFileReference; lastKnownFileType = image.png; path = Brown.png; sourceTree = "<group>"; };
		D9F0D9A018E7B435001BF205 /* Green.png */ = {isa = PBXFileReference; lastKnownFileType = image.png; path = Green.png; sourceTree = "<group>"; };
		D9F0D9A118E7B435001BF205 /* Grey.png */ = {isa = PBXFileReference; lastKnownFileType = image.png; path = Grey.png; sourceTree = "<group>"; };
		D9F0D9A218E7B435001BF205 /* Light Blue.png */ = {isa = PBXFileReference; lastKnownFileType = image.png; path = "Light Blue.png"; sourceTree = "<group>"; };
		D9F0D9A318E7B435001BF205 /* Orange.png */ = {isa = PBXFileReference; lastKnownFileType = image.png; path = Orange.png; sourceTree = "<group>"; };
		D9F0D9A418E7B435001BF205 /* Pink.png */ = {isa = PBXFileReference; lastKnownFileType = image.png; path = Pink.png; sourceTree = "<group>"; };
		D9F0D9A518E7B435001BF205 /* Purple.png */ = {isa = PBXFileReference; lastKnownFileType = image.png; path = Purple.png; sourceTree = "<group>"; };
		D9F0D9A618E7B435001BF205 /* Red.png */ = {isa = PBXFileReference; lastKnownFileType = image.png; path = Red.png; sourceTree = "<group>"; };
		D9F0D9A718E7B435001BF205 /* SelectGreen.png */ = {isa = PBXFileReference; lastKnownFileType = image.png; path = SelectGreen.png; sourceTree = "<group>"; };
		D9F0D9A818E7B435001BF205 /* SelectLB.png */ = {isa = PBXFileReference; lastKnownFileType = image.png; path = SelectLB.png; sourceTree = "<group>"; };
		D9F0D9A918E7B435001BF205 /* SelectPurple.png */ = {isa = PBXFileReference; lastKnownFileType = image.png; path = SelectPurple.png; sourceTree = "<group>"; };
		D9F0D9AA18E7B435001BF205 /* SelectRed.png */ = {isa = PBXFileReference; lastKnownFileType = image.png; path = SelectRed.png; sourceTree = "<group>"; };
		D9F0D9AB18E7B435001BF205 /* SelectYellow.png */ = {isa = PBXFileReference; lastKnownFileType = image.png; path = SelectYellow.png; sourceTree = "<group>"; };
		D9F0D9AC18E7B435001BF205 /* White.png */ = {isa = PBXFileReference; lastKnownFileType = image.png; path = White.png; sourceTree = "<group>"; };
		D9F0D9AD18E7B435001BF205 /* Yellow.png */ = {isa = PBXFileReference; lastKnownFileType = image.png; path = Yellow.png; sourceTree = "<group>"; };
		D9F0D9AE18E7B435001BF205 /* Large.png */ = {isa = PBXFileReference; lastKnownFileType = image.png; path = Large.png; sourceTree = "<group>"; };
		D9F0D9AF18E7B435001BF205 /* Medium.png */ = {isa = PBXFileReference; lastKnownFileType = image.png; path = Medium.png; sourceTree = "<group>"; };
		D9F0D9B118E7B435001BF205 /* Small.png */ = {isa = PBXFileReference; lastKnownFileType = image.png; path = Small.png; sourceTree = "<group>"; };
		D9F0D9B218E7B435001BF205 /* debug.h */ = {isa = PBXFileReference; fileEncoding = 4; lastKnownFileType = sourcecode.c.h; path = debug.h; sourceTree = "<group>"; };
		D9F0D9B318E7B435001BF205 /* fileUtil.h */ = {isa = PBXFileReference; fileEncoding = 4; lastKnownFileType = sourcecode.c.h; path = fileUtil.h; sourceTree = "<group>"; };
		D9F0D9B418E7B435001BF205 /* fileUtil.m */ = {isa = PBXFileReference; fileEncoding = 4; lastKnownFileType = sourcecode.c.objc; path = fileUtil.m; sourceTree = "<group>"; };
		D9F0D9B518E7B435001BF205 /* PaintingView.h */ = {isa = PBXFileReference; fileEncoding = 4; lastKnownFileType = sourcecode.c.h; path = PaintingView.h; sourceTree = "<group>"; };
		D9F0D9B618E7B435001BF205 /* PaintingView.m */ = {isa = PBXFileReference; fileEncoding = 4; lastKnownFileType = sourcecode.c.objc; path = PaintingView.m; sourceTree = "<group>"; };
		D9F0D9B718E7B435001BF205 /* PicViewController.h */ = {isa = PBXFileReference; fileEncoding = 4; lastKnownFileType = sourcecode.c.h; path = PicViewController.h; sourceTree = "<group>"; };
		D9F0D9B818E7B435001BF205 /* PicViewController.m */ = {isa = PBXFileReference; fileEncoding = 4; lastKnownFileType = sourcecode.c.objc; path = PicViewController.m; sourceTree = "<group>"; };
		D9F0D9BA18E7B435001BF205 /* shaderUtil.c */ = {isa = PBXFileReference; fileEncoding = 4; lastKnownFileType = sourcecode.c.c; path = shaderUtil.c; sourceTree = "<group>"; };
		D9F0D9BB18E7B435001BF205 /* shaderUtil.h */ = {isa = PBXFileReference; fileEncoding = 4; lastKnownFileType = sourcecode.c.h; path = shaderUtil.h; sourceTree = "<group>"; };
		E231CC5A18E7F01400CDC31E /* Parse.framework */ = {isa = PBXFileReference; lastKnownFileType = wrapper.framework; name = Parse.framework; path = ../../Downloads/Parse.framework; sourceTree = "<group>"; };
		E231CC5C18E7F04500CDC31E /* AudioToolbox.framework */ = {isa = PBXFileReference; lastKnownFileType = wrapper.framework; name = AudioToolbox.framework; path = System/Library/Frameworks/AudioToolbox.framework; sourceTree = SDKROOT; };
		E231CC5E18E7F04A00CDC31E /* CFNetwork.framework */ = {isa = PBXFileReference; lastKnownFileType = wrapper.framework; name = CFNetwork.framework; path = System/Library/Frameworks/CFNetwork.framework; sourceTree = SDKROOT; };
		E231CC6018E7F05800CDC31E /* CoreLocation.framework */ = {isa = PBXFileReference; lastKnownFileType = wrapper.framework; name = CoreLocation.framework; path = System/Library/Frameworks/CoreLocation.framework; sourceTree = SDKROOT; };
		E231CC6218E7F05E00CDC31E /* libz.dylib */ = {isa = PBXFileReference; lastKnownFileType = "compiled.mach-o.dylib"; name = libz.dylib; path = usr/lib/libz.dylib; sourceTree = SDKROOT; };
		E231CC6418E7F06600CDC31E /* MobileCoreServices.framework */ = {isa = PBXFileReference; lastKnownFileType = wrapper.framework; name = MobileCoreServices.framework; path = System/Library/Frameworks/MobileCoreServices.framework; sourceTree = SDKROOT; };
		E231CC6618E7F06B00CDC31E /* QuartzCore.framework */ = {isa = PBXFileReference; lastKnownFileType = wrapper.framework; name = QuartzCore.framework; path = System/Library/Frameworks/QuartzCore.framework; sourceTree = SDKROOT; };
		E231CC6818E7F07000CDC31E /* Security.framework */ = {isa = PBXFileReference; lastKnownFileType = wrapper.framework; name = Security.framework; path = System/Library/Frameworks/Security.framework; sourceTree = SDKROOT; };
		E231CC6A18E7F07500CDC31E /* StoreKit.framework */ = {isa = PBXFileReference; lastKnownFileType = wrapper.framework; name = StoreKit.framework; path = System/Library/Frameworks/StoreKit.framework; sourceTree = SDKROOT; };
		E231CC6C18E7F07E00CDC31E /* SystemConfiguration.framework */ = {isa = PBXFileReference; lastKnownFileType = wrapper.framework; name = SystemConfiguration.framework; path = System/Library/Frameworks/SystemConfiguration.framework; sourceTree = SDKROOT; };
		E231CC6E18E7F4DE00CDC31E /* PicSelectViewController.h */ = {isa = PBXFileReference; fileEncoding = 4; lastKnownFileType = sourcecode.c.h; path = PicSelectViewController.h; sourceTree = "<group>"; };
		E231CC6F18E7F4DE00CDC31E /* PicSelectViewController.m */ = {isa = PBXFileReference; fileEncoding = 4; lastKnownFileType = sourcecode.c.objc; path = PicSelectViewController.m; sourceTree = "<group>"; };
/* End PBXFileReference section */

/* Begin PBXFrameworksBuildPhase section */
		84A3A29618E74AF500409E73 /* Frameworks */ = {
			isa = PBXFrameworksBuildPhase;
			buildActionMask = 2147483647;
			files = (
				E231CC6D18E7F07E00CDC31E /* SystemConfiguration.framework in Frameworks */,
				E231CC6B18E7F07500CDC31E /* StoreKit.framework in Frameworks */,
				E231CC6918E7F07000CDC31E /* Security.framework in Frameworks */,
				E231CC6718E7F06B00CDC31E /* QuartzCore.framework in Frameworks */,
				E231CC6518E7F06600CDC31E /* MobileCoreServices.framework in Frameworks */,
				E231CC6318E7F05E00CDC31E /* libz.dylib in Frameworks */,
				E231CC6118E7F05800CDC31E /* CoreLocation.framework in Frameworks */,
				84A3A29F18E74AF500409E73 /* CoreGraphics.framework in Frameworks */,
				E231CC5F18E7F04A00CDC31E /* CFNetwork.framework in Frameworks */,
				E231CC5D18E7F04500CDC31E /* AudioToolbox.framework in Frameworks */,
				84A3A2A118E74AF500409E73 /* UIKit.framework in Frameworks */,
				E231CC5B18E7F01400CDC31E /* Parse.framework in Frameworks */,
				84A3A29D18E74AF500409E73 /* Foundation.framework in Frameworks */,
			);
			runOnlyForDeploymentPostprocessing = 0;
		};
		84A3A2B718E74AF500409E73 /* Frameworks */ = {
			isa = PBXFrameworksBuildPhase;
			buildActionMask = 2147483647;
			files = (
				84A3A2BC18E74AF500409E73 /* XCTest.framework in Frameworks */,
				84A3A2BE18E74AF500409E73 /* UIKit.framework in Frameworks */,
				84A3A2BD18E74AF500409E73 /* Foundation.framework in Frameworks */,
			);
			runOnlyForDeploymentPostprocessing = 0;
		};
/* End PBXFrameworksBuildPhase section */

/* Begin PBXGroup section */
		84A3A29018E74AF500409E73 = {
			isa = PBXGroup;
			children = (
				84A3A2A218E74AF500409E73 /* Pictor */,
				84A3A2C118E74AF500409E73 /* PictorTests */,
				84A3A29B18E74AF500409E73 /* Frameworks */,
				84A3A29A18E74AF500409E73 /* Products */,
			);
			sourceTree = "<group>";
		};
		84A3A29A18E74AF500409E73 /* Products */ = {
			isa = PBXGroup;
			children = (
				84A3A29918E74AF500409E73 /* Pictor.app */,
				84A3A2BA18E74AF500409E73 /* PictorTests.xctest */,
			);
			name = Products;
			sourceTree = "<group>";
		};
		84A3A29B18E74AF500409E73 /* Frameworks */ = {
			isa = PBXGroup;
			children = (
				E231CC6C18E7F07E00CDC31E /* SystemConfiguration.framework */,
				E231CC6A18E7F07500CDC31E /* StoreKit.framework */,
				E231CC6818E7F07000CDC31E /* Security.framework */,
				E231CC6618E7F06B00CDC31E /* QuartzCore.framework */,
				E231CC6418E7F06600CDC31E /* MobileCoreServices.framework */,
				E231CC6218E7F05E00CDC31E /* libz.dylib */,
				E231CC6018E7F05800CDC31E /* CoreLocation.framework */,
				E231CC5E18E7F04A00CDC31E /* CFNetwork.framework */,
				E231CC5C18E7F04500CDC31E /* AudioToolbox.framework */,
				E231CC5A18E7F01400CDC31E /* Parse.framework */,
				84A3A29C18E74AF500409E73 /* Foundation.framework */,
				84A3A29E18E74AF500409E73 /* CoreGraphics.framework */,
				84A3A2A018E74AF500409E73 /* UIKit.framework */,
				84A3A2BB18E74AF500409E73 /* XCTest.framework */,
			);
			name = Frameworks;
			sourceTree = "<group>";
		};
		84A3A2A218E74AF500409E73 /* Pictor */ = {
			isa = PBXGroup;
			children = (
				D94F3AB818E7EBB0006C2064 /* Particle.png */,
				D9F0D99A18E7B435001BF205 /* Assets */,
				D9F0D9B518E7B435001BF205 /* PaintingView.h */,
				D9F0D9B618E7B435001BF205 /* PaintingView.m */,
				D9F0D9B718E7B435001BF205 /* PicViewController.h */,
				D9F0D9B818E7B435001BF205 /* PicViewController.m */,
				84A3A2AB18E74AF500409E73 /* XYZAppDelegate.h */,
				84A3A2AC18E74AF500409E73 /* XYZAppDelegate.m */,
				84A3A2AE18E74AF500409E73 /* Main.storyboard */,
				E231CC6E18E7F4DE00CDC31E /* PicSelectViewController.h */,
				E231CC6F18E7F4DE00CDC31E /* PicSelectViewController.m */,
				84A3A2D318E7ACFA00409E73 /* XYZPictureViewController.h */,
				84A3A2D418E7ACFA00409E73 /* XYZPictureViewController.m */,
				84A3A2B118E74AF500409E73 /* XYZViewController.h */,
				84A3A2B218E74AF500409E73 /* XYZViewController.m */,
				84A3A2B418E74AF500409E73 /* Images.xcassets */,
				84A3A2D618E7D2C200409E73 /* Shaders */,
				84A3A2A318E74AF500409E73 /* Supporting Files */,
			);
			path = Pictor;
			sourceTree = "<group>";
		};
		84A3A2A318E74AF500409E73 /* Supporting Files */ = {
			isa = PBXGroup;
			children = (
				D9F0D9B218E7B435001BF205 /* debug.h */,
				D9F0D9B318E7B435001BF205 /* fileUtil.h */,
				D9F0D9B418E7B435001BF205 /* fileUtil.m */,
				D9F0D9BA18E7B435001BF205 /* shaderUtil.c */,
				D9F0D9BB18E7B435001BF205 /* shaderUtil.h */,
				84A3A2A418E74AF500409E73 /* Pictor-Info.plist */,
				84A3A2A518E74AF500409E73 /* InfoPlist.strings */,
				84A3A2A818E74AF500409E73 /* main.m */,
				84A3A2AA18E74AF500409E73 /* Pictor-Prefix.pch */,
			);
			name = "Supporting Files";
			sourceTree = "<group>";
		};
		84A3A2C118E74AF500409E73 /* PictorTests */ = {
			isa = PBXGroup;
			children = (
				84A3A2C718E74AF500409E73 /* PictorTests.m */,
				84A3A2C218E74AF500409E73 /* Supporting Files */,
			);
			path = PictorTests;
			sourceTree = "<group>";
		};
		84A3A2C218E74AF500409E73 /* Supporting Files */ = {
			isa = PBXGroup;
			children = (
				84A3A2C318E74AF500409E73 /* PictorTests-Info.plist */,
				84A3A2C418E74AF500409E73 /* InfoPlist.strings */,
			);
			name = "Supporting Files";
			sourceTree = "<group>";
		};
		84A3A2D618E7D2C200409E73 /* Shaders */ = {
			isa = PBXGroup;
			children = (
				84A3A2D718E7D2C200409E73 /* point.fsh */,
				84A3A2D818E7D2C200409E73 /* point.vsh */,
			);
			name = Shaders;
			path = ../Shaders;
			sourceTree = "<group>";
		};
		D9F0D99A18E7B435001BF205 /* Assets */ = {
			isa = PBXGroup;
			children = (
				D9F0D99B18E7B435001BF205 /* Clear.png */,
				D9F0D99C18E7B435001BF205 /* Colors */,
				D9F0D9AE18E7B435001BF205 /* Large.png */,
				D9F0D9AF18E7B435001BF205 /* Medium.png */,
				D9F0D9B018E7B435001BF205 /* Sizes */,
				D9F0D9B118E7B435001BF205 /* Small.png */,
			);
			path = Assets;
			sourceTree = "<group>";
		};
		D9F0D99C18E7B435001BF205 /* Colors */ = {
			isa = PBXGroup;
			children = (
				D9F0D99D18E7B435001BF205 /* Black.png */,
				D9F0D99E18E7B435001BF205 /* Blue.png */,
				D9F0D99F18E7B435001BF205 /* Brown.png */,
				D9F0D9A018E7B435001BF205 /* Green.png */,
				D9F0D9A118E7B435001BF205 /* Grey.png */,
				D9F0D9A218E7B435001BF205 /* Light Blue.png */,
				D9F0D9A318E7B435001BF205 /* Orange.png */,
				D9F0D9A418E7B435001BF205 /* Pink.png */,
				D9F0D9A518E7B435001BF205 /* Purple.png */,
				D9F0D9A618E7B435001BF205 /* Red.png */,
				D9F0D9A718E7B435001BF205 /* SelectGreen.png */,
				D9F0D9A818E7B435001BF205 /* SelectLB.png */,
				D9F0D9A918E7B435001BF205 /* SelectPurple.png */,
				D9F0D9AA18E7B435001BF205 /* SelectRed.png */,
				D9F0D9AB18E7B435001BF205 /* SelectYellow.png */,
				D9F0D9AC18E7B435001BF205 /* White.png */,
				D9F0D9AD18E7B435001BF205 /* Yellow.png */,
			);
			path = Colors;
			sourceTree = "<group>";
		};
		D9F0D9B018E7B435001BF205 /* Sizes */ = {
			isa = PBXGroup;
			children = (
			);
			path = Sizes;
			sourceTree = "<group>";
		};
/* End PBXGroup section */

/* Begin PBXNativeTarget section */
		84A3A29818E74AF500409E73 /* Pictor */ = {
			isa = PBXNativeTarget;
			buildConfigurationList = 84A3A2CB18E74AF500409E73 /* Build configuration list for PBXNativeTarget "Pictor" */;
			buildPhases = (
				84A3A29518E74AF500409E73 /* Sources */,
				84A3A29618E74AF500409E73 /* Frameworks */,
				84A3A29718E74AF500409E73 /* Resources */,
			);
			buildRules = (
			);
			dependencies = (
			);
			name = Pictor;
			productName = Pictor;
			productReference = 84A3A29918E74AF500409E73 /* Pictor.app */;
			productType = "com.apple.product-type.application";
		};
		84A3A2B918E74AF500409E73 /* PictorTests */ = {
			isa = PBXNativeTarget;
			buildConfigurationList = 84A3A2CE18E74AF500409E73 /* Build configuration list for PBXNativeTarget "PictorTests" */;
			buildPhases = (
				84A3A2B618E74AF500409E73 /* Sources */,
				84A3A2B718E74AF500409E73 /* Frameworks */,
				84A3A2B818E74AF500409E73 /* Resources */,
			);
			buildRules = (
			);
			dependencies = (
				84A3A2C018E74AF500409E73 /* PBXTargetDependency */,
			);
			name = PictorTests;
			productName = PictorTests;
			productReference = 84A3A2BA18E74AF500409E73 /* PictorTests.xctest */;
			productType = "com.apple.product-type.bundle.unit-test";
		};
/* End PBXNativeTarget section */

/* Begin PBXProject section */
		84A3A29118E74AF500409E73 /* Project object */ = {
			isa = PBXProject;
			attributes = {
				CLASSPREFIX = XYZ;
				LastUpgradeCheck = 0510;
				TargetAttributes = {
					84A3A2B918E74AF500409E73 = {
						TestTargetID = 84A3A29818E74AF500409E73;
					};
				};
			};
			buildConfigurationList = 84A3A29418E74AF500409E73 /* Build configuration list for PBXProject "Pictor" */;
			compatibilityVersion = "Xcode 3.2";
			developmentRegion = English;
			hasScannedForEncodings = 0;
			knownRegions = (
				en,
				Base,
			);
			mainGroup = 84A3A29018E74AF500409E73;
			productRefGroup = 84A3A29A18E74AF500409E73 /* Products */;
			projectDirPath = "";
			projectRoot = "";
			targets = (
				84A3A29818E74AF500409E73 /* Pictor */,
				84A3A2B918E74AF500409E73 /* PictorTests */,
			);
		};
/* End PBXProject section */

/* Begin PBXResourcesBuildPhase section */
		84A3A29718E74AF500409E73 /* Resources */ = {
			isa = PBXResourcesBuildPhase;
			buildActionMask = 2147483647;
			files = (
				D9F0D9C118E7B435001BF205 /* Grey.png in Resources */,
				D9F0D9C518E7B435001BF205 /* Purple.png in Resources */,
				84A3A2D918E7D2C200409E73 /* point.fsh in Resources */,
				D94F3AB918E7EBB0006C2064 /* Particle.png in Resources */,
				84A3A2B518E74AF500409E73 /* Images.xcassets in Resources */,
				D9F0D9CE18E7B435001BF205 /* Large.png in Resources */,
				D9F0D9C318E7B435001BF205 /* Orange.png in Resources */,
				D9F0D9D018E7B435001BF205 /* Small.png in Resources */,
				D9F0D9BD18E7B435001BF205 /* Black.png in Resources */,
				D9F0D9C918E7B435001BF205 /* SelectPurple.png in Resources */,
				84A3A2A718E74AF500409E73 /* InfoPlist.strings in Resources */,
				D9F0D9BE18E7B435001BF205 /* Blue.png in Resources */,
				D9F0D9C218E7B435001BF205 /* Light Blue.png in Resources */,
				D9F0D9BF18E7B435001BF205 /* Brown.png in Resources */,
				D9F0D9C018E7B435001BF205 /* Green.png in Resources */,
				D9F0D9CB18E7B435001BF205 /* SelectYellow.png in Resources */,
				D9F0D9C718E7B435001BF205 /* SelectGreen.png in Resources */,
				D9F0D9C418E7B435001BF205 /* Pink.png in Resources */,
				84A3A2B018E74AF500409E73 /* Main.storyboard in Resources */,
				D9F0D9C818E7B435001BF205 /* SelectLB.png in Resources */,
				D9F0D9BC18E7B435001BF205 /* Clear.png in Resources */,
				D9F0D9CD18E7B435001BF205 /* Yellow.png in Resources */,
				D9F0D9CC18E7B435001BF205 /* White.png in Resources */,
				84A3A2DA18E7D2C200409E73 /* point.vsh in Resources */,
				D9F0D9C618E7B435001BF205 /* Red.png in Resources */,
				D9F0D9CA18E7B435001BF205 /* SelectRed.png in Resources */,
				D9F0D9CF18E7B435001BF205 /* Medium.png in Resources */,
			);
			runOnlyForDeploymentPostprocessing = 0;
		};
		84A3A2B818E74AF500409E73 /* Resources */ = {
			isa = PBXResourcesBuildPhase;
			buildActionMask = 2147483647;
			files = (
				84A3A2C618E74AF500409E73 /* InfoPlist.strings in Resources */,
			);
			runOnlyForDeploymentPostprocessing = 0;
		};
/* End PBXResourcesBuildPhase section */

/* Begin PBXSourcesBuildPhase section */
		84A3A29518E74AF500409E73 /* Sources */ = {
			isa = PBXSourcesBuildPhase;
			buildActionMask = 2147483647;
			files = (
				84A3A2B318E74AF500409E73 /* XYZViewController.m in Sources */,
				84A3A2AD18E74AF500409E73 /* XYZAppDelegate.m in Sources */,
				D9F0D9D518E7B435001BF205 /* shaderUtil.c in Sources */,
				D9F0D9D218E7B435001BF205 /* PaintingView.m in Sources */,
				D9F0D9D118E7B435001BF205 /* fileUtil.m in Sources */,
				D9F0D9D318E7B435001BF205 /* PicViewController.m in Sources */,
				84A3A2A918E74AF500409E73 /* main.m in Sources */,
				E231CC7018E7F4DE00CDC31E /* PicSelectViewController.m in Sources */,
				84A3A2D518E7ACFA00409E73 /* XYZPictureViewController.m in Sources */,
			);
			runOnlyForDeploymentPostprocessing = 0;
		};
		84A3A2B618E74AF500409E73 /* Sources */ = {
			isa = PBXSourcesBuildPhase;
			buildActionMask = 2147483647;
			files = (
				84A3A2C818E74AF500409E73 /* PictorTests.m in Sources */,
			);
			runOnlyForDeploymentPostprocessing = 0;
		};
/* End PBXSourcesBuildPhase section */

/* Begin PBXTargetDependency section */
		84A3A2C018E74AF500409E73 /* PBXTargetDependency */ = {
			isa = PBXTargetDependency;
			target = 84A3A29818E74AF500409E73 /* Pictor */;
			targetProxy = 84A3A2BF18E74AF500409E73 /* PBXContainerItemProxy */;
		};
/* End PBXTargetDependency section */

/* Begin PBXVariantGroup section */
		84A3A2A518E74AF500409E73 /* InfoPlist.strings */ = {
			isa = PBXVariantGroup;
			children = (
				84A3A2A618E74AF500409E73 /* en */,
			);
			name = InfoPlist.strings;
			sourceTree = "<group>";
		};
		84A3A2AE18E74AF500409E73 /* Main.storyboard */ = {
			isa = PBXVariantGroup;
			children = (
				84A3A2AF18E74AF500409E73 /* Base */,
			);
			name = Main.storyboard;
			sourceTree = "<group>";
		};
		84A3A2C418E74AF500409E73 /* InfoPlist.strings */ = {
			isa = PBXVariantGroup;
			children = (
				84A3A2C518E74AF500409E73 /* en */,
			);
			name = InfoPlist.strings;
			sourceTree = "<group>";
		};
/* End PBXVariantGroup section */

/* Begin XCBuildConfiguration section */
		84A3A2C918E74AF500409E73 /* Debug */ = {
			isa = XCBuildConfiguration;
			buildSettings = {
				ALWAYS_SEARCH_USER_PATHS = NO;
				CLANG_CXX_LANGUAGE_STANDARD = "gnu++0x";
				CLANG_CXX_LIBRARY = "libc++";
				CLANG_ENABLE_MODULES = YES;
				CLANG_ENABLE_OBJC_ARC = YES;
				CLANG_WARN_BOOL_CONVERSION = YES;
				CLANG_WARN_CONSTANT_CONVERSION = YES;
				CLANG_WARN_DIRECT_OBJC_ISA_USAGE = YES_ERROR;
				CLANG_WARN_EMPTY_BODY = YES;
				CLANG_WARN_ENUM_CONVERSION = YES;
				CLANG_WARN_INT_CONVERSION = YES;
				CLANG_WARN_OBJC_ROOT_CLASS = YES_ERROR;
				CLANG_WARN__DUPLICATE_METHOD_MATCH = YES;
				"CODE_SIGN_IDENTITY[sdk=iphoneos*]" = "iPhone Developer";
				COPY_PHASE_STRIP = NO;
				GCC_C_LANGUAGE_STANDARD = gnu99;
				GCC_DYNAMIC_NO_PIC = NO;
				GCC_OPTIMIZATION_LEVEL = 0;
				GCC_PREPROCESSOR_DEFINITIONS = (
					"DEBUG=1",
					"$(inherited)",
				);
				GCC_SYMBOLS_PRIVATE_EXTERN = NO;
				GCC_WARN_64_TO_32_BIT_CONVERSION = YES;
				GCC_WARN_ABOUT_RETURN_TYPE = YES_ERROR;
				GCC_WARN_UNDECLARED_SELECTOR = YES;
				GCC_WARN_UNINITIALIZED_AUTOS = YES_AGGRESSIVE;
				GCC_WARN_UNUSED_FUNCTION = YES;
				GCC_WARN_UNUSED_VARIABLE = YES;
				IPHONEOS_DEPLOYMENT_TARGET = 7.1;
				ONLY_ACTIVE_ARCH = YES;
				SDKROOT = iphoneos;
			};
			name = Debug;
		};
		84A3A2CA18E74AF500409E73 /* Release */ = {
			isa = XCBuildConfiguration;
			buildSettings = {
				ALWAYS_SEARCH_USER_PATHS = NO;
				CLANG_CXX_LANGUAGE_STANDARD = "gnu++0x";
				CLANG_CXX_LIBRARY = "libc++";
				CLANG_ENABLE_MODULES = YES;
				CLANG_ENABLE_OBJC_ARC = YES;
				CLANG_WARN_BOOL_CONVERSION = YES;
				CLANG_WARN_CONSTANT_CONVERSION = YES;
				CLANG_WARN_DIRECT_OBJC_ISA_USAGE = YES_ERROR;
				CLANG_WARN_EMPTY_BODY = YES;
				CLANG_WARN_ENUM_CONVERSION = YES;
				CLANG_WARN_INT_CONVERSION = YES;
				CLANG_WARN_OBJC_ROOT_CLASS = YES_ERROR;
				CLANG_WARN__DUPLICATE_METHOD_MATCH = YES;
				"CODE_SIGN_IDENTITY[sdk=iphoneos*]" = "iPhone Developer";
				COPY_PHASE_STRIP = YES;
				ENABLE_NS_ASSERTIONS = NO;
				GCC_C_LANGUAGE_STANDARD = gnu99;
				GCC_WARN_64_TO_32_BIT_CONVERSION = YES;
				GCC_WARN_ABOUT_RETURN_TYPE = YES_ERROR;
				GCC_WARN_UNDECLARED_SELECTOR = YES;
				GCC_WARN_UNINITIALIZED_AUTOS = YES_AGGRESSIVE;
				GCC_WARN_UNUSED_FUNCTION = YES;
				GCC_WARN_UNUSED_VARIABLE = YES;
				IPHONEOS_DEPLOYMENT_TARGET = 7.1;
				SDKROOT = iphoneos;
				VALIDATE_PRODUCT = YES;
			};
			name = Release;
		};
		84A3A2CC18E74AF500409E73 /* Debug */ = {
			isa = XCBuildConfiguration;
			buildSettings = {
				ASSETCATALOG_COMPILER_APPICON_NAME = AppIcon;
				ASSETCATALOG_COMPILER_LAUNCHIMAGE_NAME = LaunchImage;
				FRAMEWORK_SEARCH_PATHS = (
					"$(inherited)",
					/Users/Sweetie/Downloads,
				);
				GCC_PRECOMPILE_PREFIX_HEADER = YES;
				GCC_PREFIX_HEADER = "Pictor/Pictor-Prefix.pch";
				INFOPLIST_FILE = "Pictor/Pictor-Info.plist";
				PRODUCT_NAME = "$(TARGET_NAME)";
				WRAPPER_EXTENSION = app;
			};
			name = Debug;
		};
		84A3A2CD18E74AF500409E73 /* Release */ = {
			isa = XCBuildConfiguration;
			buildSettings = {
				ASSETCATALOG_COMPILER_APPICON_NAME = AppIcon;
				ASSETCATALOG_COMPILER_LAUNCHIMAGE_NAME = LaunchImage;
				FRAMEWORK_SEARCH_PATHS = (
					"$(inherited)",
					/Users/Sweetie/Downloads,
				);
				GCC_PRECOMPILE_PREFIX_HEADER = YES;
				GCC_PREFIX_HEADER = "Pictor/Pictor-Prefix.pch";
				INFOPLIST_FILE = "Pictor/Pictor-Info.plist";
				PRODUCT_NAME = "$(TARGET_NAME)";
				WRAPPER_EXTENSION = app;
			};
			name = Release;
		};
		84A3A2CF18E74AF500409E73 /* Debug */ = {
			isa = XCBuildConfiguration;
			buildSettings = {
				BUNDLE_LOADER = "$(BUILT_PRODUCTS_DIR)/Pictor.app/Pictor";
				FRAMEWORK_SEARCH_PATHS = (
					"$(SDKROOT)/Developer/Library/Frameworks",
					"$(inherited)",
					"$(DEVELOPER_FRAMEWORKS_DIR)",
				);
				GCC_PRECOMPILE_PREFIX_HEADER = YES;
				GCC_PREFIX_HEADER = "Pictor/Pictor-Prefix.pch";
				GCC_PREPROCESSOR_DEFINITIONS = (
					"DEBUG=1",
					"$(inherited)",
				);
				INFOPLIST_FILE = "PictorTests/PictorTests-Info.plist";
				PRODUCT_NAME = "$(TARGET_NAME)";
				TEST_HOST = "$(BUNDLE_LOADER)";
				WRAPPER_EXTENSION = xctest;
			};
			name = Debug;
		};
		84A3A2D018E74AF500409E73 /* Release */ = {
			isa = XCBuildConfiguration;
			buildSettings = {
				BUNDLE_LOADER = "$(BUILT_PRODUCTS_DIR)/Pictor.app/Pictor";
				FRAMEWORK_SEARCH_PATHS = (
					"$(SDKROOT)/Developer/Library/Frameworks",
					"$(inherited)",
					"$(DEVELOPER_FRAMEWORKS_DIR)",
				);
				GCC_PRECOMPILE_PREFIX_HEADER = YES;
				GCC_PREFIX_HEADER = "Pictor/Pictor-Prefix.pch";
				INFOPLIST_FILE = "PictorTests/PictorTests-Info.plist";
				PRODUCT_NAME = "$(TARGET_NAME)";
				TEST_HOST = "$(BUNDLE_LOADER)";
				WRAPPER_EXTENSION = xctest;
			};
			name = Release;
		};
/* End XCBuildConfiguration section */

/* Begin XCConfigurationList section */
		84A3A29418E74AF500409E73 /* Build configuration list for PBXProject "Pictor" */ = {
			isa = XCConfigurationList;
			buildConfigurations = (
				84A3A2C918E74AF500409E73 /* Debug */,
				84A3A2CA18E74AF500409E73 /* Release */,
			);
			defaultConfigurationIsVisible = 0;
			defaultConfigurationName = Release;
		};
		84A3A2CB18E74AF500409E73 /* Build configuration list for PBXNativeTarget "Pictor" */ = {
			isa = XCConfigurationList;
			buildConfigurations = (
				84A3A2CC18E74AF500409E73 /* Debug */,
				84A3A2CD18E74AF500409E73 /* Release */,
			);
			defaultConfigurationIsVisible = 0;
			defaultConfigurationName = Release;
		};
		84A3A2CE18E74AF500409E73 /* Build configuration list for PBXNativeTarget "PictorTests" */ = {
			isa = XCConfigurationList;
			buildConfigurations = (
				84A3A2CF18E74AF500409E73 /* Debug */,
				84A3A2D018E74AF500409E73 /* Release */,
			);
			defaultConfigurationIsVisible = 0;
			defaultConfigurationName = Release;
		};
/* End XCConfigurationList section */
	};
	rootObject = 84A3A29118E74AF500409E73 /* Project object */;
}
